
Microsoft Visual Studio Solution File, Format Version 12.00
# Visual Studio Version 16
VisualStudioVersion = 16.0.31515.178
MinimumVisualStudioVersion = 10.0.40219.1
Project("{9A19103F-16F7-4668-BE54-9A1E7A4F7556}") = "SellerAPI", "SellerAPI.csproj", "{AE850F96-12F1-4F51-80FF-C9629CF340A1}"
EndProject
Project("{9A19103F-16F7-4668-BE54-9A1E7A4F7556}") = "BLL", "..\BLL\BLL.csproj", "{F59BC521-7ADD-4827-97EC-5FA3981D183C}"
EndProject
Project("{9A19103F-16F7-4668-BE54-9A1E7A4F7556}") = "DAL", "..\DAL\DAL.csproj", "{07EC56C3-4FF1-4F47-BBC8-8D21B32DFA81}"
EndProject
Project("{9A19103F-16F7-4668-BE54-9A1E7A4F7556}") = "CustomModel", "..\CustomModel\CustomModel.csproj", "{5A092059-C8AB-44EE-97D6-70F863145312}"
EndProject
Project("{9A19103F-16F7-4668-BE54-9A1E7A4F7556}") = "Entity", "..\Entity\Entity.csproj", "{52FAF012-280B-4E1F-996A-B7B5C31BE25F}"
EndProject
Project("{FAE04EC0-301F-11D3-BF4B-00C04F79EFBC}") = "Identity", "..\Identity\Identity.csproj", "{9E048D2C-9E81-4885-B3D7-E5CE82E7150F}"
EndProject
Global
	GlobalSection(SolutionConfigurationPlatforms) = preSolution
		Debug|Any CPU = Debug|Any CPU
		Release|Any CPU = Release|Any CPU
	EndGlobalSection
	GlobalSection(ProjectConfigurationPlatforms) = postSolution
		{AE850F96-12F1-4F51-80FF-C9629CF340A1}.Debug|Any CPU.ActiveCfg = Debug|Any CPU
		{AE850F96-12F1-4F51-80FF-C9629CF340A1}.Debug|Any CPU.Build.0 = Debug|Any CPU
		{AE850F96-12F1-4F51-80FF-C9629CF340A1}.Release|Any CPU.ActiveCfg = Release|Any CPU
		{AE850F96-12F1-4F51-80FF-C9629CF340A1}.Release|Any CPU.Build.0 = Release|Any CPU
		{F59BC521-7ADD-4827-97EC-5FA3981D183C}.Debug|Any CPU.ActiveCfg = Debug|Any CPU
		{F59BC521-7ADD-4827-97EC-5FA3981D183C}.Debug|Any CPU.Build.0 = Debug|Any CPU
		{F59BC521-7ADD-4827-97EC-5FA3981D183C}.Release|Any CPU.ActiveCfg = Release|Any CPU
		{F59BC521-7ADD-4827-97EC-5FA3981D183C}.Release|Any CPU.Build.0 = Release|Any CPU
		{07EC56C3-4FF1-4F47-BBC8-8D21B32DFA81}.Debug|Any CPU.ActiveCfg = Debug|Any CPU
		{07EC56C3-4FF1-4F47-BBC8-8D21B32DFA81}.Debug|Any CPU.Build.0 = Debug|Any CPU
		{07EC56C3-4FF1-4F47-BBC8-8D21B32DFA81}.Release|Any CPU.ActiveCfg = Release|Any CPU
		{07EC56C3-4FF1-4F47-BBC8-8D21B32DFA81}.Release|Any CPU.Build.0 = Release|Any CPU
		{5A092059-C8AB-44EE-97D6-70F863145312}.Debug|Any CPU.ActiveCfg = Debug|Any CPU
		{5A092059-C8AB-44EE-97D6-70F863145312}.Debug|Any CPU.Build.0 = Debug|Any CPU
		{5A092059-C8AB-44EE-97D6-70F863145312}.Release|Any CPU.ActiveCfg = Release|Any CPU
		{5A092059-C8AB-44EE-97D6-70F863145312}.Release|Any CPU.Build.0 = Release|Any CPU
		{52FAF012-280B-4E1F-996A-B7B5C31BE25F}.Debug|Any CPU.ActiveCfg = Debug|Any CPU
		{52FAF012-280B-4E1F-996A-B7B5C31BE25F}.Debug|Any CPU.Build.0 = Debug|Any CPU
		{52FAF012-280B-4E1F-996A-B7B5C31BE25F}.Release|Any CPU.ActiveCfg = Release|Any CPU
		{52FAF012-280B-4E1F-996A-B7B5C31BE25F}.Release|Any CPU.Build.0 = Release|Any CPU
		{9E048D2C-9E81-4885-B3D7-E5CE82E7150F}.Debug|Any CPU.ActiveCfg = Debug|Any CPU
		{9E048D2C-9E81-4885-B3D7-E5CE82E7150F}.Debug|Any CPU.Build.0 = Debug|Any CPU
		{9E048D2C-9E81-4885-B3D7-E5CE82E7150F}.Release|Any CPU.ActiveCfg = Release|Any CPU
		{9E048D2C-9E81-4885-B3D7-E5CE82E7150F}.Release|Any CPU.Build.0 = Release|Any CPU
	EndGlobalSection
	GlobalSection(SolutionProperties) = preSolution
		HideSolutionNode = FALSE
	EndGlobalSection
	GlobalSection(ExtensibilityGlobals) = postSolution
		SolutionGuid = {DBE883C6-78CD-4E03-B5F0-7DC8019F2890}
	EndGlobalSection
EndGlobal
